{
    "_meta": {
        "hash": {
            "sha256": "b98b1be6cd44957792acb17e5f782c2394aea8464e579e91baac5b0a3fddd04c"
        },
        "pipfile-spec": 6,
        "requires": {
            "python_version": "3.5"
        },
        "sources": [
            {
                "name": "pypi",
                "url": "https://pypi.python.org/simple",
                "verify_ssl": true
            }
        ]
    },
    "default": {
        "django": {
            "hashes": [
                "sha256:009ddda445c5750c1a8392979fbd28f3e55de6e43310cd316199837065dff559",
                "sha256:33f781f17f145f79ee8e0b8d753498e0e0188f0b53b2accad4045d623422d5e1"
            ],
            "index": "pypi",
            "version": "==1.7"
        },
        "selenium": {
            "hashes": [
                "sha256:2b6f018e55f50e9c67a67caec2f73f806f72c162fb38cf3ea79e0a8f6506bf56",
                "sha256:5841fb30c3965866220c34d16de8e3d091e2833fcac385160a63db0c3522a297"
            ],
            "index": "pypi",
            "version": "==3.11.0"
        }
    },
    "develop": {}
}
